{
  "version": 4,
  "terraform_version": "1.16.2",
  "serial": 1,
  "lineage": "b626e099-f197-c5ae-4785-395e81c71283",
  "outputs": {},
  "resources": [
    {
      "mode": "managed",
      "type": "local_file",
      "name": "cloud_deployment_note",
      "provider": "provider[\"registry.terraform.io/hashicorp/local\"]",
      "instances": [
        {
          "schema_version": 0,
          "attributes": {
            "content": "project: my-cloud-project\nStatus: Successfully containerized and pushed to GitHub!\nTimestamp: 2026-09-13",
            "content_base64": null,
            "content_base64sha256": "P5wFTJ7kvGKPEHLgKdlzY2hcks9HNSA0olX+Xp7Zp+g=",
            "content_base64sha512": "cyIDeuDd+3GdInQgdQ5DHBwx5SqLrL/7T7Dm9LWrOlos0iaQsp69Y7OEhIX/g9W5XZqISq4Roi0b++YA1bxKyQ==",
            "content_md5": "9b1684abe9208ffff52392836c2529ab",
            "content_sha1": "fd63cdbef735e5935436d74e9c3cbc73d93c34d5",
            "content_sha256": "3f9c054c9ee4bc628f1072e029d97363685c92cf47352034a255fe5e9ed9a7e8",
            "content_sha512": "7322037ae0ddfb719d227420750e431c1c31e52a8bacbffb4fb0e6f4b5ab3a5a2cd22690b29ebd63b3848485ff83d5b95d9a884aae11a22d1bfbe600d5bc4ac9",
            "directory_permission": "0777",
            "file_permission": "0777",
            "filename": "./deployment-status.txt",
            "id": "fd63cdbef735e5935436d74e9c3cbc73d93c34d5",
            "sensitive_content": null,
            "source": null
          },
          "sensitive_attributes": [
            [
              {
                "type": "get_attr",
                "value": "sensitive_content"
              }
            ]
          ],
          "identity_schema_version": 0
        }
      ]
    }
  ],
  "check_results": null
}
